
Microsoft Visual Studio Solution File, Format Version 12.00
# Visual Studio Version 16
VisualStudioVersion = 16.0.31205.134
MinimumVisualStudioVersion = 10.0.40219.1
Project("{FAE04EC0-301F-11D3-BF4B-00C04F79EFBC}") = "卓越项目", "卓越项目\卓越项目.csproj", "{B36CE9EC-F1D2-4297-A9BF-712146050FE1}"
EndProject
Project("{FAE04EC0-301F-11D3-BF4B-00C04F79EFBC}") = "AopSdk", "alipay.trade.page.pay-DoNet-UTF-8\alipay-sdk-NET20170615110549\AopSdk.csproj", "{9C11CAE5-5188-4E71-825B-68FC3135728A}"
EndProject
Global
	GlobalSection(SolutionConfigurationPlatforms) = preSolution
		Debug|Any CPU = Debug|Any CPU
		Release|Any CPU = Release|Any CPU
	EndGlobalSection
	GlobalSection(ProjectConfigurationPlatforms) = postSolution
		{B36CE9EC-F1D2-4297-A9BF-712146050FE1}.Debug|Any CPU.ActiveCfg = Debug|Any CPU
		{B36CE9EC-F1D2-4297-A9BF-712146050FE1}.Debug|Any CPU.Build.0 = Debug|Any CPU
		{B36CE9EC-F1D2-4297-A9BF-712146050FE1}.Release|Any CPU.ActiveCfg = Release|Any CPU
		{B36CE9EC-F1D2-4297-A9BF-712146050FE1}.Release|Any CPU.Build.0 = Release|Any CPU
		{9C11CAE5-5188-4E71-825B-68FC3135728A}.Debug|Any CPU.ActiveCfg = Debug|Any CPU
		{9C11CAE5-5188-4E71-825B-68FC3135728A}.Debug|Any CPU.Build.0 = Debug|Any CPU
		{9C11CAE5-5188-4E71-825B-68FC3135728A}.Release|Any CPU.ActiveCfg = Release|Any CPU
		{9C11CAE5-5188-4E71-825B-68FC3135728A}.Release|Any CPU.Build.0 = Release|Any CPU
	EndGlobalSection
	GlobalSection(SolutionProperties) = preSolution
		HideSolutionNode = FALSE
	EndGlobalSection
	GlobalSection(ExtensibilityGlobals) = postSolution
		SolutionGuid = {F13BE737-0C14-4DD7-87AB-C6BF18A0F0CE}
	EndGlobalSection
EndGlobal
